
Microsoft Visual Studio Solution File, Format Version 12.00
# Visual Studio 14
VisualStudioVersion = 14.0.25420.1
MinimumVisualStudioVersion = 10.0.40219.1
Project("{FAE04EC0-301F-11D3-BF4B-00C04F79EFBC}") = "wareHouse", "wareHouse\wareHouse.csproj", "{FDDED71F-3426-4FDC-98E8-923C1DD33413}"
EndProject
Project("{FAE04EC0-301F-11D3-BF4B-00C04F79EFBC}") = "WHBLL", "WHBLL\WHBLL.csproj", "{9DB0A870-0113-49F9-B153-DEB93C682B5F}"
EndProject
Project("{FAE04EC0-301F-11D3-BF4B-00C04F79EFBC}") = "WHDAL", "WHDAL\WHDAL.csproj", "{9CAF1E03-B9BB-4C66-B00E-DB20E36A318F}"
EndProject
Project("{FAE04EC0-301F-11D3-BF4B-00C04F79EFBC}") = "WHMODELS", "WHMODELS\WHMODELS.csproj", "{73DBD46F-676D-4F2F-853E-77E677CFF9C5}"
EndProject
Global
	GlobalSection(SolutionConfigurationPlatforms) = preSolution
		CD_ROM|Any CPU = CD_ROM|Any CPU
		Debug|Any CPU = Debug|Any CPU
		DVD-5|Any CPU = DVD-5|Any CPU
		Release|Any CPU = Release|Any CPU
		SingleImage|Any CPU = SingleImage|Any CPU
	EndGlobalSection
	GlobalSection(ProjectConfigurationPlatforms) = postSolution
		{FDDED71F-3426-4FDC-98E8-923C1DD33413}.CD_ROM|Any CPU.ActiveCfg = Release|Any CPU
		{FDDED71F-3426-4FDC-98E8-923C1DD33413}.CD_ROM|Any CPU.Build.0 = Release|Any CPU
		{FDDED71F-3426-4FDC-98E8-923C1DD33413}.Debug|Any CPU.ActiveCfg = Debug|Any CPU
		{FDDED71F-3426-4FDC-98E8-923C1DD33413}.Debug|Any CPU.Build.0 = Debug|Any CPU
		{FDDED71F-3426-4FDC-98E8-923C1DD33413}.DVD-5|Any CPU.ActiveCfg = Debug|Any CPU
		{FDDED71F-3426-4FDC-98E8-923C1DD33413}.DVD-5|Any CPU.Build.0 = Debug|Any CPU
		{FDDED71F-3426-4FDC-98E8-923C1DD33413}.Release|Any CPU.ActiveCfg = Release|Any CPU
		{FDDED71F-3426-4FDC-98E8-923C1DD33413}.Release|Any CPU.Build.0 = Release|Any CPU
		{FDDED71F-3426-4FDC-98E8-923C1DD33413}.SingleImage|Any CPU.ActiveCfg = Release|Any CPU
		{FDDED71F-3426-4FDC-98E8-923C1DD33413}.SingleImage|Any CPU.Build.0 = Release|Any CPU
		{9DB0A870-0113-49F9-B153-DEB93C682B5F}.CD_ROM|Any CPU.ActiveCfg = Release|Any CPU
		{9DB0A870-0113-49F9-B153-DEB93C682B5F}.CD_ROM|Any CPU.Build.0 = Release|Any CPU
		{9DB0A870-0113-49F9-B153-DEB93C682B5F}.Debug|Any CPU.ActiveCfg = Debug|Any CPU
		{9DB0A870-0113-49F9-B153-DEB93C682B5F}.Debug|Any CPU.Build.0 = Debug|Any CPU
		{9DB0A870-0113-49F9-B153-DEB93C682B5F}.DVD-5|Any CPU.ActiveCfg = Debug|Any CPU
		{9DB0A870-0113-49F9-B153-DEB93C682B5F}.DVD-5|Any CPU.Build.0 = Debug|Any CPU
		{9DB0A870-0113-49F9-B153-DEB93C682B5F}.Release|Any CPU.ActiveCfg = Release|Any CPU
		{9DB0A870-0113-49F9-B153-DEB93C682B5F}.Release|Any CPU.Build.0 = Release|Any CPU
		{9DB0A870-0113-49F9-B153-DEB93C682B5F}.SingleImage|Any CPU.ActiveCfg = Release|Any CPU
		{9DB0A870-0113-49F9-B153-DEB93C682B5F}.SingleImage|Any CPU.Build.0 = Release|Any CPU
		{9CAF1E03-B9BB-4C66-B00E-DB20E36A318F}.CD_ROM|Any CPU.ActiveCfg = Release|Any CPU
		{9CAF1E03-B9BB-4C66-B00E-DB20E36A318F}.CD_ROM|Any CPU.Build.0 = Release|Any CPU
		{9CAF1E03-B9BB-4C66-B00E-DB20E36A318F}.Debug|Any CPU.ActiveCfg = Debug|Any CPU
		{9CAF1E03-B9BB-4C66-B00E-DB20E36A318F}.Debug|Any CPU.Build.0 = Debug|Any CPU
		{9CAF1E03-B9BB-4C66-B00E-DB20E36A318F}.DVD-5|Any CPU.ActiveCfg = Debug|Any CPU
		{9CAF1E03-B9BB-4C66-B00E-DB20E36A318F}.DVD-5|Any CPU.Build.0 = Debug|Any CPU
		{9CAF1E03-B9BB-4C66-B00E-DB20E36A318F}.Release|Any CPU.ActiveCfg = Release|Any CPU
		{9CAF1E03-B9BB-4C66-B00E-DB20E36A318F}.Release|Any CPU.Build.0 = Release|Any CPU
		{9CAF1E03-B9BB-4C66-B00E-DB20E36A318F}.SingleImage|Any CPU.ActiveCfg = Release|Any CPU
		{9CAF1E03-B9BB-4C66-B00E-DB20E36A318F}.SingleImage|Any CPU.Build.0 = Release|Any CPU
		{73DBD46F-676D-4F2F-853E-77E677CFF9C5}.CD_ROM|Any CPU.ActiveCfg = Release|Any CPU
		{73DBD46F-676D-4F2F-853E-77E677CFF9C5}.CD_ROM|Any CPU.Build.0 = Release|Any CPU
		{73DBD46F-676D-4F2F-853E-77E677CFF9C5}.Debug|Any CPU.ActiveCfg = Debug|Any CPU
		{73DBD46F-676D-4F2F-853E-77E677CFF9C5}.Debug|Any CPU.Build.0 = Debug|Any CPU
		{73DBD46F-676D-4F2F-853E-77E677CFF9C5}.DVD-5|Any CPU.ActiveCfg = Debug|Any CPU
		{73DBD46F-676D-4F2F-853E-77E677CFF9C5}.DVD-5|Any CPU.Build.0 = Debug|Any CPU
		{73DBD46F-676D-4F2F-853E-77E677CFF9C5}.Release|Any CPU.ActiveCfg = Release|Any CPU
		{73DBD46F-676D-4F2F-853E-77E677CFF9C5}.Release|Any CPU.Build.0 = Release|Any CPU
		{73DBD46F-676D-4F2F-853E-77E677CFF9C5}.SingleImage|Any CPU.ActiveCfg = Release|Any CPU
		{73DBD46F-676D-4F2F-853E-77E677CFF9C5}.SingleImage|Any CPU.Build.0 = Release|Any CPU
	EndGlobalSection
	GlobalSection(SolutionProperties) = preSolution
		HideSolutionNode = FALSE
	EndGlobalSection
EndGlobal
